# THIS IS AN AUTOGENERATED FILE. DO NOT EDIT THIS FILE DIRECTLY.
# yarn lockfile v1


async-limiter@~1.0.0:
  version "1.0.0"
  resolved "https://registry.yarnpkg.com/async-limiter/-/async-limiter-1.0.0.tgz#78faed8c3d074ab81f22b4e985d79e8738f720f8"

eris@0.8.6:
  version "0.8.6"
  resolved "https://registry.yarnpkg.com/eris/-/eris-0.8.6.tgz#507a3b909b39a4b82bf7dfd70f5c60e34dd47454"
  dependencies:
    ws "^5.2.0"
  optionalDependencies:
    opusscript "^0.0.4"
    tweetnacl "^1.0.0"

opusscript@^0.0.4:
  version "0.0.4"
  resolved "https://registry.yarnpkg.com/opusscript/-/opusscript-0.0.4.tgz#c718edcfdcd2a1f55fadb266dd07268d4a46afde"

tweetnacl@^1.0.0:
  version "1.0.0"
  resolved "https://registry.yarnpkg.com/tweetnacl/-/tweetnacl-1.0.0.tgz#713d8b818da42068740bf68386d0479e66fc8a7b"

uws@10.148.1:
  version "10.148.1"
  resolved "https://registry.yarnpkg.com/uws/-/uws-10.148.1.tgz#fd1a79cf6118a388e0a1bed8a1397030d2c4fd2c"

ws@^5.2.0:
  version "5.2.1"
  resolved "https://registry.yarnpkg.com/ws/-/ws-5.2.1.tgz#37827a0ba772d072a843c3615b0ad38bcdb354eb"
  dependencies:
    async-limiter "~1.0.0"
